
Microsoft Visual Studio Solution File, Format Version 12.00
# Visual Studio 15
VisualStudioVersion = 15.0.27703.2047
MinimumVisualStudioVersion = 10.0.40219.1
Project("{FAE04EC0-301F-11D3-BF4B-00C04F79EFBC}") = "Entidades", "Entidades\Entidades.csproj", "{295A702F-3968-4B4C-927A-8FDB3C914066}"
EndProject
Project("{FAE04EC0-301F-11D3-BF4B-00C04F79EFBC}") = "Test", "Test\Test.csproj", "{50EDFDA0-951F-4DEA-973B-CC30A15194A6}"
EndProject
Global
	GlobalSection(SolutionConfigurationPlatforms) = preSolution
		Debug|Any CPU = Debug|Any CPU
		Release|Any CPU = Release|Any CPU
	EndGlobalSection
	GlobalSection(ProjectConfigurationPlatforms) = postSolution
		{295A702F-3968-4B4C-927A-8FDB3C914066}.Debug|Any CPU.ActiveCfg = Debug|Any CPU
		{295A702F-3968-4B4C-927A-8FDB3C914066}.Debug|Any CPU.Build.0 = Debug|Any CPU
		{295A702F-3968-4B4C-927A-8FDB3C914066}.Release|Any CPU.ActiveCfg = Release|Any CPU
		{295A702F-3968-4B4C-927A-8FDB3C914066}.Release|Any CPU.Build.0 = Release|Any CPU
		{50EDFDA0-951F-4DEA-973B-CC30A15194A6}.Debug|Any CPU.ActiveCfg = Debug|Any CPU
		{50EDFDA0-951F-4DEA-973B-CC30A15194A6}.Debug|Any CPU.Build.0 = Debug|Any CPU
		{50EDFDA0-951F-4DEA-973B-CC30A15194A6}.Release|Any CPU.ActiveCfg = Release|Any CPU
		{50EDFDA0-951F-4DEA-973B-CC30A15194A6}.Release|Any CPU.Build.0 = Release|Any CPU
	EndGlobalSection
	GlobalSection(SolutionProperties) = preSolution
		HideSolutionNode = FALSE
	EndGlobalSection
	GlobalSection(ExtensibilityGlobals) = postSolution
		SolutionGuid = {D4FEEF4A-323B-4E89-9B63-D0CE069D2754}
	EndGlobalSection
EndGlobal
